
Microsoft Visual Studio Solution File, Format Version 12.00
# Visual Studio Version 17
VisualStudioVersion = 17.3.32929.385
MinimumVisualStudioVersion = 10.0.40219.1
Project("{FAE04EC0-301F-11D3-BF4B-00C04F79EFBC}") = "OnlineDiary", "OnlineDiary.csproj", "{DF818982-FC67-472E-9A1B-1C118891C371}"
EndProject
Project("{2150E333-8FDC-42A3-9474-1A3956D46DE8}") = "Solution Items", "Solution Items", "{2629713C-CE84-46BD-A623-198E5DAEF42C}"
	ProjectSection(SolutionItems) = preProject
		.editorconfig = .editorconfig
	EndProjectSection
EndProject
Global
	GlobalSection(SolutionConfigurationPlatforms) = preSolution
		Debug|Any CPU = Debug|Any CPU
		Release|Any CPU = Release|Any CPU
	EndGlobalSection
	GlobalSection(ProjectConfigurationPlatforms) = postSolution
		{DF818982-FC67-472E-9A1B-1C118891C371}.Debug|Any CPU.ActiveCfg = Debug|Any CPU
		{DF818982-FC67-472E-9A1B-1C118891C371}.Debug|Any CPU.Build.0 = Debug|Any CPU
		{DF818982-FC67-472E-9A1B-1C118891C371}.Release|Any CPU.ActiveCfg = Release|Any CPU
		{DF818982-FC67-472E-9A1B-1C118891C371}.Release|Any CPU.Build.0 = Release|Any CPU
	EndGlobalSection
	GlobalSection(SolutionProperties) = preSolution
		HideSolutionNode = FALSE
	EndGlobalSection
	GlobalSection(ExtensibilityGlobals) = postSolution
		SolutionGuid = {F103D2E5-81F1-4930-8B39-9E9C17999656}
	EndGlobalSection
EndGlobal
